PODS:
  - BowLite (0.8.0):
    - BowLiteCore
    - BowLiteEffects
    - BowLiteOptics
  - BowLiteCore (0.5.0)
  - BowLiteEffects (0.2.0):
    - BowLiteCore (>= 0.5.0)
  - BowLiteOptics (0.2.0):
    - BowLiteCore (>= 0.5.0)
  - Nimble (8.1.2)
  - Quick (2.2.1)

DEPENDENCIES:
  - BowLite (from `../`)
  - Nimble (~> 8.0)
  - Quick (~> 2.0)

SPEC REPOS:
  trunk:
    - BowLiteCore
    - BowLiteEffects
    - BowLiteOptics
    - Nimble
    - Quick

EXTERNAL SOURCES:
  BowLite:
    :path: "../"

SPEC CHECKSUMS:
  BowLite: 21e1ef875143dd20f68dd3f51e6b0973fecadab8
  BowLiteCore: 368aa9b108d6661987ed8a79ec7eff916fbbd094
  BowLiteEffects: 5622397facbdb384a5804303c8bfcd55ff74c2aa
  BowLiteOptics: 6072cf927f7be8857b29baa6800b2c4bf284acc6
  Nimble: 3864815b4703c7ebffba875973c70e854489fbae
  Quick: f5754d69b7013f5864c29aab9ae6f0c79c5bc200

PODFILE CHECKSUM: 379ed9b251b56f95461b7eac7db3db94e9b62f86

COCOAPODS: 1.9.3
